
Microsoft Visual Studio Solution File, Format Version 12.00
# Visual Studio Version 16
VisualStudioVersion = 16.0.30128.74
MinimumVisualStudioVersion = 10.0.40219.1
Project("{9A19103F-16F7-4668-BE54-9A1E7A4F7556}") = "LeafletWebApi", "LeafletWebApi\LeafletWebApi.csproj", "{D8EEF02A-8F1F-4912-B66F-F3BCFA0EE32E}"
EndProject
Project("{E24C65DC-7377-472B-9ABA-BC803B73C61A}") = "LeafletApp", "LeafletApp\", "{491A9E43-F28C-4416-BC1F-4164D407A23D}"
	ProjectSection(WebsiteProperties) = preProject
		TargetFrameworkMoniker = ".NETFramework,Version%3Dv4.0"
		Debug.AspNetCompiler.VirtualPath = "/localhost_52299"
		Debug.AspNetCompiler.PhysicalPath = "LeafletApp\"
		Debug.AspNetCompiler.TargetPath = "PrecompiledWeb\localhost_52299\"
		Debug.AspNetCompiler.Updateable = "true"
		Debug.AspNetCompiler.ForceOverwrite = "true"
		Debug.AspNetCompiler.FixedNames = "false"
		Debug.AspNetCompiler.Debug = "True"
		Release.AspNetCompiler.VirtualPath = "/localhost_52299"
		Release.AspNetCompiler.PhysicalPath = "LeafletApp\"
		Release.AspNetCompiler.TargetPath = "PrecompiledWeb\localhost_52299\"
		Release.AspNetCompiler.Updateable = "true"
		Release.AspNetCompiler.ForceOverwrite = "true"
		Release.AspNetCompiler.FixedNames = "false"
		Release.AspNetCompiler.Debug = "False"
		VWDPort = "52299"
		SlnRelativePath = "LeafletApp\"
	EndProjectSection
EndProject
Global
	GlobalSection(SolutionConfigurationPlatforms) = preSolution
		Debug|Any CPU = Debug|Any CPU
		Release|Any CPU = Release|Any CPU
	EndGlobalSection
	GlobalSection(ProjectConfigurationPlatforms) = postSolution
		{D8EEF02A-8F1F-4912-B66F-F3BCFA0EE32E}.Debug|Any CPU.ActiveCfg = Debug|Any CPU
		{D8EEF02A-8F1F-4912-B66F-F3BCFA0EE32E}.Debug|Any CPU.Build.0 = Debug|Any CPU
		{D8EEF02A-8F1F-4912-B66F-F3BCFA0EE32E}.Release|Any CPU.ActiveCfg = Release|Any CPU
		{D8EEF02A-8F1F-4912-B66F-F3BCFA0EE32E}.Release|Any CPU.Build.0 = Release|Any CPU
		{491A9E43-F28C-4416-BC1F-4164D407A23D}.Debug|Any CPU.ActiveCfg = Debug|Any CPU
		{491A9E43-F28C-4416-BC1F-4164D407A23D}.Debug|Any CPU.Build.0 = Debug|Any CPU
		{491A9E43-F28C-4416-BC1F-4164D407A23D}.Release|Any CPU.ActiveCfg = Debug|Any CPU
		{491A9E43-F28C-4416-BC1F-4164D407A23D}.Release|Any CPU.Build.0 = Debug|Any CPU
	EndGlobalSection
	GlobalSection(SolutionProperties) = preSolution
		HideSolutionNode = FALSE
	EndGlobalSection
	GlobalSection(ExtensibilityGlobals) = postSolution
		SolutionGuid = {705DAF31-F5DD-478B-BC20-6C5F096537B7}
	EndGlobalSection
EndGlobal
